
Microsoft Visual Studio Solution File, Format Version 12.00
# Visual Studio Version 16
VisualStudioVersion = 16.0.31624.102
MinimumVisualStudioVersion = 10.0.40219.1
Project("{FAE04EC0-301F-11D3-BF4B-00C04F79EFBC}") = "boucle_iteration_csharp", "boucle_iteration_csharp\boucle_iteration_csharp.csproj", "{FA4B1EF5-702B-46FE-84DD-D8DD4AB8C6BF}"
EndProject
Global
	GlobalSection(SolutionConfigurationPlatforms) = preSolution
		Debug|Any CPU = Debug|Any CPU
		Release|Any CPU = Release|Any CPU
	EndGlobalSection
	GlobalSection(ProjectConfigurationPlatforms) = postSolution
		{FA4B1EF5-702B-46FE-84DD-D8DD4AB8C6BF}.Debug|Any CPU.ActiveCfg = Debug|Any CPU
		{FA4B1EF5-702B-46FE-84DD-D8DD4AB8C6BF}.Debug|Any CPU.Build.0 = Debug|Any CPU
		{FA4B1EF5-702B-46FE-84DD-D8DD4AB8C6BF}.Release|Any CPU.ActiveCfg = Release|Any CPU
		{FA4B1EF5-702B-46FE-84DD-D8DD4AB8C6BF}.Release|Any CPU.Build.0 = Release|Any CPU
	EndGlobalSection
	GlobalSection(SolutionProperties) = preSolution
		HideSolutionNode = FALSE
	EndGlobalSection
	GlobalSection(ExtensibilityGlobals) = postSolution
		SolutionGuid = {C2B1D0E3-E925-4848-BF50-2C2CBB128262}
	EndGlobalSection
EndGlobal
